
Microsoft Visual Studio Solution File, Format Version 12.00
# Visual Studio 15
VisualStudioVersion = 15.0.26430.14
MinimumVisualStudioVersion = 10.0.40219.1
Project("{FAE04EC0-301F-11D3-BF4B-00C04F79EFBC}") = "LiteraryAnalyzer", "LiteraryAnalyzer\LiteraryAnalyzer.csproj", "{7242488F-3D8C-4B5C-9CFE-423E8F6163DA}"
EndProject
Project("{2150E333-8FDC-42A3-9474-1A3956D46DE8}") = "Solution Items", "Solution Items", "{DF55824D-0F3B-4803-ACF6-E952950C20DB}"
EndProject
Project("{FAE04EC0-301F-11D3-BF4B-00C04F79EFBC}") = "LAModel", "LAModel\LAModel.csproj", "{FB8FE14A-096F-482A-A22F-9051D61DD37E}"
EndProject
Project("{FAE04EC0-301F-11D3-BF4B-00C04F79EFBC}") = "LAShared", "LAShared\LAShared.csproj", "{2104AA48-CA79-4DFF-9781-86F52D332369}"
EndProject
Project("{FAE04EC0-301F-11D3-BF4B-00C04F79EFBC}") = "LAFrontend", "LAFrontend\LAFrontend.csproj", "{51486B3B-805C-48C4-986E-71A3B7179BC1}"
EndProject
Project("{FAE04EC0-301F-11D3-BF4B-00C04F79EFBC}") = "LAController", "LAController\LAController.csproj", "{4DB6EBEA-AF7E-4467-8D7B-09C9D0683B19}"
EndProject
Project("{FAE04EC0-301F-11D3-BF4B-00C04F79EFBC}") = "DirectedGraph", "DirectedGraph\DirectedGraph.csproj", "{ACC9FA76-F560-4C83-82ED-00E221ECED96}"
EndProject
Global
	GlobalSection(SolutionConfigurationPlatforms) = preSolution
		Debug|Any CPU = Debug|Any CPU
		Release|Any CPU = Release|Any CPU
	EndGlobalSection
	GlobalSection(ProjectConfigurationPlatforms) = postSolution
		{7242488F-3D8C-4B5C-9CFE-423E8F6163DA}.Debug|Any CPU.ActiveCfg = Debug|Any CPU
		{7242488F-3D8C-4B5C-9CFE-423E8F6163DA}.Debug|Any CPU.Build.0 = Debug|Any CPU
		{7242488F-3D8C-4B5C-9CFE-423E8F6163DA}.Release|Any CPU.ActiveCfg = Release|Any CPU
		{7242488F-3D8C-4B5C-9CFE-423E8F6163DA}.Release|Any CPU.Build.0 = Release|Any CPU
		{FB8FE14A-096F-482A-A22F-9051D61DD37E}.Debug|Any CPU.ActiveCfg = Debug|Any CPU
		{FB8FE14A-096F-482A-A22F-9051D61DD37E}.Debug|Any CPU.Build.0 = Debug|Any CPU
		{FB8FE14A-096F-482A-A22F-9051D61DD37E}.Release|Any CPU.ActiveCfg = Release|Any CPU
		{FB8FE14A-096F-482A-A22F-9051D61DD37E}.Release|Any CPU.Build.0 = Release|Any CPU
		{2104AA48-CA79-4DFF-9781-86F52D332369}.Debug|Any CPU.ActiveCfg = Debug|Any CPU
		{2104AA48-CA79-4DFF-9781-86F52D332369}.Debug|Any CPU.Build.0 = Debug|Any CPU
		{2104AA48-CA79-4DFF-9781-86F52D332369}.Release|Any CPU.ActiveCfg = Release|Any CPU
		{2104AA48-CA79-4DFF-9781-86F52D332369}.Release|Any CPU.Build.0 = Release|Any CPU
		{51486B3B-805C-48C4-986E-71A3B7179BC1}.Debug|Any CPU.ActiveCfg = Debug|Any CPU
		{51486B3B-805C-48C4-986E-71A3B7179BC1}.Debug|Any CPU.Build.0 = Debug|Any CPU
		{51486B3B-805C-48C4-986E-71A3B7179BC1}.Release|Any CPU.ActiveCfg = Release|Any CPU
		{51486B3B-805C-48C4-986E-71A3B7179BC1}.Release|Any CPU.Build.0 = Release|Any CPU
		{4DB6EBEA-AF7E-4467-8D7B-09C9D0683B19}.Debug|Any CPU.ActiveCfg = Debug|Any CPU
		{4DB6EBEA-AF7E-4467-8D7B-09C9D0683B19}.Debug|Any CPU.Build.0 = Debug|Any CPU
		{4DB6EBEA-AF7E-4467-8D7B-09C9D0683B19}.Release|Any CPU.ActiveCfg = Release|Any CPU
		{4DB6EBEA-AF7E-4467-8D7B-09C9D0683B19}.Release|Any CPU.Build.0 = Release|Any CPU
		{ACC9FA76-F560-4C83-82ED-00E221ECED96}.Debug|Any CPU.ActiveCfg = Debug|Any CPU
		{ACC9FA76-F560-4C83-82ED-00E221ECED96}.Debug|Any CPU.Build.0 = Debug|Any CPU
		{ACC9FA76-F560-4C83-82ED-00E221ECED96}.Release|Any CPU.ActiveCfg = Release|Any CPU
		{ACC9FA76-F560-4C83-82ED-00E221ECED96}.Release|Any CPU.Build.0 = Release|Any CPU
	EndGlobalSection
	GlobalSection(SolutionProperties) = preSolution
		HideSolutionNode = FALSE
	EndGlobalSection
EndGlobal
